// !$*UTF8*$!
{
	archiveVersion = 1;
	classes = {
	};
	objectVersion = 56;
	objects = {

/* Begin PBXBuildFile section */
		47665AD92A1C98CD00A95154 /* Extensions.swift in Sources */ = {isa = PBXBuildFile; fileRef = 47665AD82A1C98CD00A95154 /* Extensions.swift */; };
		47665ADC2A1CABA400A95154 /* SwiftyJSON in Frameworks */ = {isa = PBXBuildFile; productRef = 47665ADB2A1CABA400A95154 /* SwiftyJSON */; };
		47665AE02A1CD43A00A95154 /* NotoSansKR-Bold.otf in Resources */ = {isa = PBXBuildFile; fileRef = 47665ADF2A1CD43A00A95154 /* NotoSansKR-Bold.otf */; };
		47665AE82A1CD47D00A95154 /* UIFont.swift in Sources */ = {isa = PBXBuildFile; fileRef = 47665AE72A1CD47D00A95154 /* UIFont.swift */; };
		4786C8532A1AF2FF006AAF43 /* AppDelegate.swift in Sources */ = {isa = PBXBuildFile; fileRef = 4786C8522A1AF2FF006AAF43 /* AppDelegate.swift */; };
		4786C8552A1AF2FF006AAF43 /* SceneDelegate.swift in Sources */ = {isa = PBXBuildFile; fileRef = 4786C8542A1AF2FF006AAF43 /* SceneDelegate.swift */; };
		4786C8572A1AF2FF006AAF43 /* ViewController.swift in Sources */ = {isa = PBXBuildFile; fileRef = 4786C8562A1AF2FF006AAF43 /* ViewController.swift */; };
		4786C85C2A1AF301006AAF43 /* Assets.xcassets in Resources */ = {isa = PBXBuildFile; fileRef = 4786C85B2A1AF301006AAF43 /* Assets.xcassets */; };
		4786C85F2A1AF301006AAF43 /* LaunchScreen.storyboard in Resources */ = {isa = PBXBuildFile; fileRef = 4786C85D2A1AF301006AAF43 /* LaunchScreen.storyboard */; };
		4786C8672A1AF3E6006AAF43 /* BaseTapBarController.swift in Sources */ = {isa = PBXBuildFile; fileRef = 4786C8662A1AF3E6006AAF43 /* BaseTapBarController.swift */; };
		4786C8712A1AF6C0006AAF43 /* SnapKit in Frameworks */ = {isa = PBXBuildFile; productRef = 4786C8702A1AF6C0006AAF43 /* SnapKit */; };
		4786C8742A1AF707006AAF43 /* Alamofire in Frameworks */ = {isa = PBXBuildFile; productRef = 4786C8732A1AF707006AAF43 /* Alamofire */; };
		4786C8772A1AF852006AAF43 /* NetworkManager.swift in Sources */ = {isa = PBXBuildFile; fileRef = 4786C8762A1AF852006AAF43 /* NetworkManager.swift */; };
		4786C87D2A1AFE0A006AAF43 /* NetworkModel.swift in Sources */ = {isa = PBXBuildFile; fileRef = 4786C87C2A1AFE0A006AAF43 /* NetworkModel.swift */; };
		4786C87F2A1B1E4D006AAF43 /* Secret.swift in Sources */ = {isa = PBXBuildFile; fileRef = 4786C87E2A1B1E4D006AAF43 /* Secret.swift */; };
/* End PBXBuildFile section */

/* Begin PBXFileReference section */
		47665AD82A1C98CD00A95154 /* Extensions.swift */ = {isa = PBXFileReference; lastKnownFileType = sourcecode.swift; path = Extensions.swift; sourceTree = "<group>"; };
		47665ADF2A1CD43A00A95154 /* NotoSansKR-Bold.otf */ = {isa = PBXFileReference; lastKnownFileType = file; path = "NotoSansKR-Bold.otf"; sourceTree = "<group>"; };
		47665AE12A1CD44700A95154 /* NotoSansKR-Black.otf */ = {isa = PBXFileReference; lastKnownFileType = file; path = "NotoSansKR-Black.otf"; sourceTree = "<group>"; };
		47665AE22A1CD44700A95154 /* NotoSansKR-Light.otf */ = {isa = PBXFileReference; lastKnownFileType = file; path = "NotoSansKR-Light.otf"; sourceTree = "<group>"; };
		47665AE32A1CD44700A95154 /* Cafe24Ssurround.ttf */ = {isa = PBXFileReference; lastKnownFileType = file; path = Cafe24Ssurround.ttf; sourceTree = "<group>"; };
		47665AE42A1CD44700A95154 /* NotoSansKR-Thin.otf */ = {isa = PBXFileReference; lastKnownFileType = file; path = "NotoSansKR-Thin.otf"; sourceTree = "<group>"; };
		47665AE52A1CD44700A95154 /* NotoSansKR-Medium.otf */ = {isa = PBXFileReference; lastKnownFileType = file; path = "NotoSansKR-Medium.otf"; sourceTree = "<group>"; };
		47665AE62A1CD44700A95154 /* NotoSansKR-Regular.otf */ = {isa = PBXFileReference; lastKnownFileType = file; path = "NotoSansKR-Regular.otf"; sourceTree = "<group>"; };
		47665AE72A1CD47D00A95154 /* UIFont.swift */ = {isa = PBXFileReference; lastKnownFileType = sourcecode.swift; path = UIFont.swift; sourceTree = "<group>"; };
		4786C84F2A1AF2FF006AAF43 /* Seoullo.app */ = {isa = PBXFileReference; explicitFileType = wrapper.application; includeInIndex = 0; path = Seoullo.app; sourceTree = BUILT_PRODUCTS_DIR; };
		4786C8522A1AF2FF006AAF43 /* AppDelegate.swift */ = {isa = PBXFileReference; lastKnownFileType = sourcecode.swift; path = AppDelegate.swift; sourceTree = "<group>"; };
		4786C8542A1AF2FF006AAF43 /* SceneDelegate.swift */ = {isa = PBXFileReference; lastKnownFileType = sourcecode.swift; path = SceneDelegate.swift; sourceTree = "<group>"; };
		4786C8562A1AF2FF006AAF43 /* ViewController.swift */ = {isa = PBXFileReference; lastKnownFileType = sourcecode.swift; path = ViewController.swift; sourceTree = "<group>"; };
		4786C85B2A1AF301006AAF43 /* Assets.xcassets */ = {isa = PBXFileReference; lastKnownFileType = folder.assetcatalog; path = Assets.xcassets; sourceTree = "<group>"; };
		4786C85E2A1AF301006AAF43 /* Base */ = {isa = PBXFileReference; lastKnownFileType = file.storyboard; name = Base; path = Base.lproj/LaunchScreen.storyboard; sourceTree = "<group>"; };
		4786C8602A1AF301006AAF43 /* Info.plist */ = {isa = PBXFileReference; lastKnownFileType = text.plist.xml; path = Info.plist; sourceTree = "<group>"; };
		4786C8662A1AF3E6006AAF43 /* BaseTapBarController.swift */ = {isa = PBXFileReference; lastKnownFileType = sourcecode.swift; path = BaseTapBarController.swift; sourceTree = "<group>"; };
		4786C8762A1AF852006AAF43 /* NetworkManager.swift */ = {isa = PBXFileReference; lastKnownFileType = sourcecode.swift; path = NetworkManager.swift; sourceTree = "<group>"; };
		4786C87C2A1AFE0A006AAF43 /* NetworkModel.swift */ = {isa = PBXFileReference; lastKnownFileType = sourcecode.swift; path = NetworkModel.swift; sourceTree = "<group>"; };
		4786C87E2A1B1E4D006AAF43 /* Secret.swift */ = {isa = PBXFileReference; lastKnownFileType = sourcecode.swift; path = Secret.swift; sourceTree = "<group>"; };
/* End PBXFileReference section */

/* Begin PBXFrameworksBuildPhase section */
		4786C84C2A1AF2FF006AAF43 /* Frameworks */ = {
			isa = PBXFrameworksBuildPhase;
			buildActionMask = 2147483647;
			files = (
				47665ADC2A1CABA400A95154 /* SwiftyJSON in Frameworks */,
				4786C8712A1AF6C0006AAF43 /* SnapKit in Frameworks */,
				4786C8742A1AF707006AAF43 /* Alamofire in Frameworks */,
			);
			runOnlyForDeploymentPostprocessing = 0;
		};
/* End PBXFrameworksBuildPhase section */

/* Begin PBXGroup section */
		47665ADD2A1CD24A00A95154 /* Extension */ = {
			isa = PBXGroup;
			children = (
				47665AD82A1C98CD00A95154 /* Extensions.swift */,
				47665AE72A1CD47D00A95154 /* UIFont.swift */,
			);
			path = Extension;
			sourceTree = "<group>";
		};
		47665ADE2A1CD25700A95154 /* Font */ = {
			isa = PBXGroup;
			children = (
				47665AE32A1CD44700A95154 /* Cafe24Ssurround.ttf */,
				47665ADF2A1CD43A00A95154 /* NotoSansKR-Bold.otf */,
				47665AE12A1CD44700A95154 /* NotoSansKR-Black.otf */,
				47665AE22A1CD44700A95154 /* NotoSansKR-Light.otf */,
				47665AE52A1CD44700A95154 /* NotoSansKR-Medium.otf */,
				47665AE62A1CD44700A95154 /* NotoSansKR-Regular.otf */,
				47665AE42A1CD44700A95154 /* NotoSansKR-Thin.otf */,
			);
			path = Font;
			sourceTree = "<group>";
		};
		4786C8462A1AF2FF006AAF43 = {
			isa = PBXGroup;
			children = (
				4786C8512A1AF2FF006AAF43 /* Seoullo */,
				4786C8502A1AF2FF006AAF43 /* Products */,
			);
			sourceTree = "<group>";
		};
		4786C8502A1AF2FF006AAF43 /* Products */ = {
			isa = PBXGroup;
			children = (
				4786C84F2A1AF2FF006AAF43 /* Seoullo.app */,
			);
			name = Products;
			sourceTree = "<group>";
		};
		4786C8512A1AF2FF006AAF43 /* Seoullo */ = {
			isa = PBXGroup;
			children = (
				4786C86E2A1AF63E006AAF43 /* Base */,
				4786C8682A1AF5C4006AAF43 /* Global */,
				4786C8752A1AF7A4006AAF43 /* Network */,
				4786C8692A1AF5D1006AAF43 /* Domain */,
				4786C85B2A1AF301006AAF43 /* Assets.xcassets */,
				4786C8602A1AF301006AAF43 /* Info.plist */,
				4786C85D2A1AF301006AAF43 /* LaunchScreen.storyboard */,
			);
			path = Seoullo;
			sourceTree = "<group>";
		};
		4786C8682A1AF5C4006AAF43 /* Global */ = {
			isa = PBXGroup;
			children = (
				47665ADE2A1CD25700A95154 /* Font */,
				47665ADD2A1CD24A00A95154 /* Extension */,
				4786C8522A1AF2FF006AAF43 /* AppDelegate.swift */,
				4786C8542A1AF2FF006AAF43 /* SceneDelegate.swift */,
				4786C87E2A1B1E4D006AAF43 /* Secret.swift */,
			);
			path = Global;
			sourceTree = "<group>";
		};
		4786C8692A1AF5D1006AAF43 /* Domain */ = {
			isa = PBXGroup;
			children = (
				4786C86D2A1AF62C006AAF43 /* Model */,
				4786C86C2A1AF622006AAF43 /* View */,
				4786C86B2A1AF614006AAF43 /* ViewController */,
			);
			path = Domain;
			sourceTree = "<group>";
		};
		4786C86B2A1AF614006AAF43 /* ViewController */ = {
			isa = PBXGroup;
			children = (
				4786C8562A1AF2FF006AAF43 /* ViewController.swift */,
			);
			path = ViewController;
			sourceTree = "<group>";
		};
		4786C86C2A1AF622006AAF43 /* View */ = {
			isa = PBXGroup;
			children = (
			);
			path = View;
			sourceTree = "<group>";
		};
		4786C86D2A1AF62C006AAF43 /* Model */ = {
			isa = PBXGroup;
			children = (
			);
			path = Model;
			sourceTree = "<group>";
		};
		4786C86E2A1AF63E006AAF43 /* Base */ = {
			isa = PBXGroup;
			children = (
				4786C8662A1AF3E6006AAF43 /* BaseTapBarController.swift */,
			);
			path = Base;
			sourceTree = "<group>";
		};
		4786C8752A1AF7A4006AAF43 /* Network */ = {
			isa = PBXGroup;
			children = (
				4786C8792A1AF9CB006AAF43 /* OutputModel */,
				4786C8762A1AF852006AAF43 /* NetworkManager.swift */,
			);
			path = Network;
			sourceTree = "<group>";
		};
		4786C8792A1AF9CB006AAF43 /* OutputModel */ = {
			isa = PBXGroup;
			children = (
				4786C87C2A1AFE0A006AAF43 /* NetworkModel.swift */,
			);
			path = OutputModel;
			sourceTree = "<group>";
		};
/* End PBXGroup section */

/* Begin PBXNativeTarget section */
		4786C84E2A1AF2FF006AAF43 /* Seoullo */ = {
			isa = PBXNativeTarget;
			buildConfigurationList = 4786C8632A1AF301006AAF43 /* Build configuration list for PBXNativeTarget "Seoullo" */;
			buildPhases = (
				4786C84B2A1AF2FF006AAF43 /* Sources */,
				4786C84C2A1AF2FF006AAF43 /* Frameworks */,
				4786C84D2A1AF2FF006AAF43 /* Resources */,
			);
			buildRules = (
			);
			dependencies = (
			);
			name = Seoullo;
			packageProductDependencies = (
				4786C8702A1AF6C0006AAF43 /* SnapKit */,
				4786C8732A1AF707006AAF43 /* Alamofire */,
				47665ADB2A1CABA400A95154 /* SwiftyJSON */,
			);
			productName = Seoullo;
			productReference = 4786C84F2A1AF2FF006AAF43 /* Seoullo.app */;
			productType = "com.apple.product-type.application";
		};
/* End PBXNativeTarget section */

/* Begin PBXProject section */
		4786C8472A1AF2FF006AAF43 /* Project object */ = {
			isa = PBXProject;
			attributes = {
				BuildIndependentTargetsInParallel = 1;
				LastSwiftUpdateCheck = 1420;
				LastUpgradeCheck = 1420;
				TargetAttributes = {
					4786C84E2A1AF2FF006AAF43 = {
						CreatedOnToolsVersion = 14.2;
					};
				};
			};
			buildConfigurationList = 4786C84A2A1AF2FF006AAF43 /* Build configuration list for PBXProject "Seoullo" */;
			compatibilityVersion = "Xcode 14.0";
			developmentRegion = en;
			hasScannedForEncodings = 0;
			knownRegions = (
				en,
				Base,
			);
			mainGroup = 4786C8462A1AF2FF006AAF43;
			packageReferences = (
				4786C86F2A1AF6BF006AAF43 /* XCRemoteSwiftPackageReference "SnapKit" */,
				4786C8722A1AF707006AAF43 /* XCRemoteSwiftPackageReference "Alamofire" */,
				47665ADA2A1CABA300A95154 /* XCRemoteSwiftPackageReference "SwiftyJSON" */,
			);
			productRefGroup = 4786C8502A1AF2FF006AAF43 /* Products */;
			projectDirPath = "";
			projectRoot = "";
			targets = (
				4786C84E2A1AF2FF006AAF43 /* Seoullo */,
			);
		};
/* End PBXProject section */

/* Begin PBXResourcesBuildPhase section */
		4786C84D2A1AF2FF006AAF43 /* Resources */ = {
			isa = PBXResourcesBuildPhase;
			buildActionMask = 2147483647;
			files = (
				4786C85F2A1AF301006AAF43 /* LaunchScreen.storyboard in Resources */,
				47665AE02A1CD43A00A95154 /* NotoSansKR-Bold.otf in Resources */,
				4786C85C2A1AF301006AAF43 /* Assets.xcassets in Resources */,
			);
			runOnlyForDeploymentPostprocessing = 0;
		};
/* End PBXResourcesBuildPhase section */

/* Begin PBXSourcesBuildPhase section */
		4786C84B2A1AF2FF006AAF43 /* Sources */ = {
			isa = PBXSourcesBuildPhase;
			buildActionMask = 2147483647;
			files = (
				4786C8572A1AF2FF006AAF43 /* ViewController.swift in Sources */,
				47665AE82A1CD47D00A95154 /* UIFont.swift in Sources */,
				47665AD92A1C98CD00A95154 /* Extensions.swift in Sources */,
				4786C8532A1AF2FF006AAF43 /* AppDelegate.swift in Sources */,
				4786C8772A1AF852006AAF43 /* NetworkManager.swift in Sources */,
				4786C8672A1AF3E6006AAF43 /* BaseTapBarController.swift in Sources */,
				4786C87F2A1B1E4D006AAF43 /* Secret.swift in Sources */,
				4786C8552A1AF2FF006AAF43 /* SceneDelegate.swift in Sources */,
				4786C87D2A1AFE0A006AAF43 /* NetworkModel.swift in Sources */,
			);
			runOnlyForDeploymentPostprocessing = 0;
		};
/* End PBXSourcesBuildPhase section */

/* Begin PBXVariantGroup section */
		4786C85D2A1AF301006AAF43 /* LaunchScreen.storyboard */ = {
			isa = PBXVariantGroup;
			children = (
				4786C85E2A1AF301006AAF43 /* Base */,
			);
			name = LaunchScreen.storyboard;
			sourceTree = "<group>";
		};
/* End PBXVariantGroup section */

/* Begin XCBuildConfiguration section */
		4786C8612A1AF301006AAF43 /* Debug */ = {
			isa = XCBuildConfiguration;
			buildSettings = {
				ALWAYS_SEARCH_USER_PATHS = NO;
				CLANG_ANALYZER_NONNULL = YES;
				CLANG_ANALYZER_NUMBER_OBJECT_CONVERSION = YES_AGGRESSIVE;
				CLANG_CXX_LANGUAGE_STANDARD = "gnu++20";
				CLANG_ENABLE_MODULES = YES;
				CLANG_ENABLE_OBJC_ARC = YES;
				CLANG_ENABLE_OBJC_WEAK = YES;
				CLANG_WARN_BLOCK_CAPTURE_AUTORELEASING = YES;
				CLANG_WARN_BOOL_CONVERSION = YES;
				CLANG_WARN_COMMA = YES;
				CLANG_WARN_CONSTANT_CONVERSION = YES;
				CLANG_WARN_DEPRECATED_OBJC_IMPLEMENTATIONS = YES;
				CLANG_WARN_DIRECT_OBJC_ISA_USAGE = YES_ERROR;
				CLANG_WARN_DOCUMENTATION_COMMENTS = YES;
				CLANG_WARN_EMPTY_BODY = YES;
				CLANG_WARN_ENUM_CONVERSION = YES;
				CLANG_WARN_INFINITE_RECURSION = YES;
				CLANG_WARN_INT_CONVERSION = YES;
				CLANG_WARN_NON_LITERAL_NULL_CONVERSION = YES;
				CLANG_WARN_OBJC_IMPLICIT_RETAIN_SELF = YES;
				CLANG_WARN_OBJC_LITERAL_CONVERSION = YES;
				CLANG_WARN_OBJC_ROOT_CLASS = YES_ERROR;
				CLANG_WARN_QUOTED_INCLUDE_IN_FRAMEWORK_HEADER = YES;
				CLANG_WARN_RANGE_LOOP_ANALYSIS = YES;
				CLANG_WARN_STRICT_PROTOTYPES = YES;
				CLANG_WARN_SUSPICIOUS_MOVE = YES;
				CLANG_WARN_UNGUARDED_AVAILABILITY = YES_AGGRESSIVE;
				CLANG_WARN_UNREACHABLE_CODE = YES;
				CLANG_WARN__DUPLICATE_METHOD_MATCH = YES;
				COPY_PHASE_STRIP = NO;
				DEBUG_INFORMATION_FORMAT = dwarf;
				ENABLE_STRICT_OBJC_MSGSEND = YES;
				ENABLE_TESTABILITY = YES;
				GCC_C_LANGUAGE_STANDARD = gnu11;
				GCC_DYNAMIC_NO_PIC = NO;
				GCC_NO_COMMON_BLOCKS = YES;
				GCC_OPTIMIZATION_LEVEL = 0;
				GCC_PREPROCESSOR_DEFINITIONS = (
					"DEBUG=1",
					"$(inherited)",
				);
				GCC_WARN_64_TO_32_BIT_CONVERSION = YES;
				GCC_WARN_ABOUT_RETURN_TYPE = YES_ERROR;
				GCC_WARN_UNDECLARED_SELECTOR = YES;
				GCC_WARN_UNINITIALIZED_AUTOS = YES_AGGRESSIVE;
				GCC_WARN_UNUSED_FUNCTION = YES;
				GCC_WARN_UNUSED_VARIABLE = YES;
				IPHONEOS_DEPLOYMENT_TARGET = 16.2;
				MTL_ENABLE_DEBUG_INFO = INCLUDE_SOURCE;
				MTL_FAST_MATH = YES;
				ONLY_ACTIVE_ARCH = YES;
				SDKROOT = iphoneos;
				SWIFT_ACTIVE_COMPILATION_CONDITIONS = DEBUG;
				SWIFT_OPTIMIZATION_LEVEL = "-Onone";
			};
			name = Debug;
		};
		4786C8622A1AF301006AAF43 /* Release */ = {
			isa = XCBuildConfiguration;
			buildSettings = {
				ALWAYS_SEARCH_USER_PATHS = NO;
				CLANG_ANALYZER_NONNULL = YES;
				CLANG_ANALYZER_NUMBER_OBJECT_CONVERSION = YES_AGGRESSIVE;
				CLANG_CXX_LANGUAGE_STANDARD = "gnu++20";
				CLANG_ENABLE_MODULES = YES;
				CLANG_ENABLE_OBJC_ARC = YES;
				CLANG_ENABLE_OBJC_WEAK = YES;
				CLANG_WARN_BLOCK_CAPTURE_AUTORELEASING = YES;
				CLANG_WARN_BOOL_CONVERSION = YES;
				CLANG_WARN_COMMA = YES;
				CLANG_WARN_CONSTANT_CONVERSION = YES;
				CLANG_WARN_DEPRECATED_OBJC_IMPLEMENTATIONS = YES;
				CLANG_WARN_DIRECT_OBJC_ISA_USAGE = YES_ERROR;
				CLANG_WARN_DOCUMENTATION_COMMENTS = YES;
				CLANG_WARN_EMPTY_BODY = YES;
				CLANG_WARN_ENUM_CONVERSION = YES;
				CLANG_WARN_INFINITE_RECURSION = YES;
				CLANG_WARN_INT_CONVERSION = YES;
				CLANG_WARN_NON_LITERAL_NULL_CONVERSION = YES;
				CLANG_WARN_OBJC_IMPLICIT_RETAIN_SELF = YES;
				CLANG_WARN_OBJC_LITERAL_CONVERSION = YES;
				CLANG_WARN_OBJC_ROOT_CLASS = YES_ERROR;
				CLANG_WARN_QUOTED_INCLUDE_IN_FRAMEWORK_HEADER = YES;
				CLANG_WARN_RANGE_LOOP_ANALYSIS = YES;
				CLANG_WARN_STRICT_PROTOTYPES = YES;
				CLANG_WARN_SUSPICIOUS_MOVE = YES;
				CLANG_WARN_UNGUARDED_AVAILABILITY = YES_AGGRESSIVE;
				CLANG_WARN_UNREACHABLE_CODE = YES;
				CLANG_WARN__DUPLICATE_METHOD_MATCH = YES;
				COPY_PHASE_STRIP = NO;
				DEBUG_INFORMATION_FORMAT = "dwarf-with-dsym";
				ENABLE_NS_ASSERTIONS = NO;
				ENABLE_STRICT_OBJC_MSGSEND = YES;
				GCC_C_LANGUAGE_STANDARD = gnu11;
				GCC_NO_COMMON_BLOCKS = YES;
				GCC_WARN_64_TO_32_BIT_CONVERSION = YES;
				GCC_WARN_ABOUT_RETURN_TYPE = YES_ERROR;
				GCC_WARN_UNDECLARED_SELECTOR = YES;
				GCC_WARN_UNINITIALIZED_AUTOS = YES_AGGRESSIVE;
				GCC_WARN_UNUSED_FUNCTION = YES;
				GCC_WARN_UNUSED_VARIABLE = YES;
				IPHONEOS_DEPLOYMENT_TARGET = 16.2;
				MTL_ENABLE_DEBUG_INFO = NO;
				MTL_FAST_MATH = YES;
				SDKROOT = iphoneos;
				SWIFT_COMPILATION_MODE = wholemodule;
				SWIFT_OPTIMIZATION_LEVEL = "-O";
				VALIDATE_PRODUCT = YES;
			};
			name = Release;
		};
		4786C8642A1AF301006AAF43 /* Debug */ = {
			isa = XCBuildConfiguration;
			buildSettings = {
				ASSETCATALOG_COMPILER_APPICON_NAME = AppIcon;
				ASSETCATALOG_COMPILER_GLOBAL_ACCENT_COLOR_NAME = AccentColor;
				CODE_SIGN_STYLE = Automatic;
				CURRENT_PROJECT_VERSION = 1;
				DEVELOPMENT_TEAM = F6SZ5LV55B;
				GENERATE_INFOPLIST_FILE = YES;
				INFOPLIST_FILE = Seoullo/Info.plist;
				INFOPLIST_KEY_UIApplicationSupportsIndirectInputEvents = YES;
				INFOPLIST_KEY_UILaunchStoryboardName = LaunchScreen;
				INFOPLIST_KEY_UISupportedInterfaceOrientations_iPad = "UIInterfaceOrientationPortrait UIInterfaceOrientationPortraitUpsideDown UIInterfaceOrientationLandscapeLeft UIInterfaceOrientationLandscapeRight";
				INFOPLIST_KEY_UISupportedInterfaceOrientations_iPhone = "UIInterfaceOrientationPortrait UIInterfaceOrientationLandscapeLeft UIInterfaceOrientationLandscapeRight";
				LD_RUNPATH_SEARCH_PATHS = (
					"$(inherited)",
					"@executable_path/Frameworks",
				);
				MARKETING_VERSION = 1.0;
				PRODUCT_BUNDLE_IDENTIFIER = com.devjoonn.Seoullo;
				PRODUCT_NAME = "$(TARGET_NAME)";
				SWIFT_EMIT_LOC_STRINGS = YES;
				SWIFT_VERSION = 5.0;
				TARGETED_DEVICE_FAMILY = "1,2";
			};
			name = Debug;
		};
		4786C8652A1AF301006AAF43 /* Release */ = {
			isa = XCBuildConfiguration;
			buildSettings = {
				ASSETCATALOG_COMPILER_APPICON_NAME = AppIcon;
				ASSETCATALOG_COMPILER_GLOBAL_ACCENT_COLOR_NAME = AccentColor;
				CODE_SIGN_STYLE = Automatic;
				CURRENT_PROJECT_VERSION = 1;
				DEVELOPMENT_TEAM = F6SZ5LV55B;
				GENERATE_INFOPLIST_FILE = YES;
				INFOPLIST_FILE = Seoullo/Info.plist;
				INFOPLIST_KEY_UIApplicationSupportsIndirectInputEvents = YES;
				INFOPLIST_KEY_UILaunchStoryboardName = LaunchScreen;
				INFOPLIST_KEY_UISupportedInterfaceOrientations_iPad = "UIInterfaceOrientationPortrait UIInterfaceOrientationPortraitUpsideDown UIInterfaceOrientationLandscapeLeft UIInterfaceOrientationLandscapeRight";
				INFOPLIST_KEY_UISupportedInterfaceOrientations_iPhone = "UIInterfaceOrientationPortrait UIInterfaceOrientationLandscapeLeft UIInterfaceOrientationLandscapeRight";
				LD_RUNPATH_SEARCH_PATHS = (
					"$(inherited)",
					"@executable_path/Frameworks",
				);
				MARKETING_VERSION = 1.0;
				PRODUCT_BUNDLE_IDENTIFIER = com.devjoonn.Seoullo;
				PRODUCT_NAME = "$(TARGET_NAME)";
				SWIFT_EMIT_LOC_STRINGS = YES;
				SWIFT_VERSION = 5.0;
				TARGETED_DEVICE_FAMILY = "1,2";
			};
			name = Release;
		};
/* End XCBuildConfiguration section */

/* Begin XCConfigurationList section */
		4786C84A2A1AF2FF006AAF43 /* Build configuration list for PBXProject "Seoullo" */ = {
			isa = XCConfigurationList;
			buildConfigurations = (
				4786C8612A1AF301006AAF43 /* Debug */,
				4786C8622A1AF301006AAF43 /* Release */,
			);
			defaultConfigurationIsVisible = 0;
			defaultConfigurationName = Release;
		};
		4786C8632A1AF301006AAF43 /* Build configuration list for PBXNativeTarget "Seoullo" */ = {
			isa = XCConfigurationList;
			buildConfigurations = (
				4786C8642A1AF301006AAF43 /* Debug */,
				4786C8652A1AF301006AAF43 /* Release */,
			);
			defaultConfigurationIsVisible = 0;
			defaultConfigurationName = Release;
		};
/* End XCConfigurationList section */

/* Begin XCRemoteSwiftPackageReference section */
		47665ADA2A1CABA300A95154 /* XCRemoteSwiftPackageReference "SwiftyJSON" */ = {
			isa = XCRemoteSwiftPackageReference;
			repositoryURL = "https://github.com/SwiftyJSON/SwiftyJSON.git";
			requirement = {
				kind = upToNextMajorVersion;
				minimumVersion = 5.0.0;
			};
		};
		4786C86F2A1AF6BF006AAF43 /* XCRemoteSwiftPackageReference "SnapKit" */ = {
			isa = XCRemoteSwiftPackageReference;
			repositoryURL = "https://github.com/SnapKit/SnapKit.git";
			requirement = {
				kind = upToNextMajorVersion;
				minimumVersion = 5.0.0;
			};
		};
		4786C8722A1AF707006AAF43 /* XCRemoteSwiftPackageReference "Alamofire" */ = {
			isa = XCRemoteSwiftPackageReference;
			repositoryURL = "https://github.com/Alamofire/Alamofire.git";
			requirement = {
				kind = upToNextMajorVersion;
				minimumVersion = 5.0.0;
			};
		};
/* End XCRemoteSwiftPackageReference section */

/* Begin XCSwiftPackageProductDependency section */
		47665ADB2A1CABA400A95154 /* SwiftyJSON */ = {
			isa = XCSwiftPackageProductDependency;
			package = 47665ADA2A1CABA300A95154 /* XCRemoteSwiftPackageReference "SwiftyJSON" */;
			productName = SwiftyJSON;
		};
		4786C8702A1AF6C0006AAF43 /* SnapKit */ = {
			isa = XCSwiftPackageProductDependency;
			package = 4786C86F2A1AF6BF006AAF43 /* XCRemoteSwiftPackageReference "SnapKit" */;
			productName = SnapKit;
		};
		4786C8732A1AF707006AAF43 /* Alamofire */ = {
			isa = XCSwiftPackageProductDependency;
			package = 4786C8722A1AF707006AAF43 /* XCRemoteSwiftPackageReference "Alamofire" */;
			productName = Alamofire;
		};
/* End XCSwiftPackageProductDependency section */
	};
	rootObject = 4786C8472A1AF2FF006AAF43 /* Project object */;
}
